
Microsoft Visual Studio Solution File, Format Version 12.00
Project("{FAE04EC0-301F-11D3-BF4B-00C04F79EFBC}") = "WeatherApp", "WeatherApp.csproj", "{6800A8AD-AB43-489E-B331-D049EAFB4AB6}"
EndProject
Project("{FAE04EC0-301F-11D3-BF4B-00C04F79EFBC}") = "WeatherAppTests", "..\WeatherAppTests\WeatherAppTests\WeatherAppTests.csproj", "{5EE3C614-4E5D-4B2A-87F4-FF86AC673200}"
EndProject
Global
	GlobalSection(SolutionConfigurationPlatforms) = preSolution
		Debug|Any CPU = Debug|Any CPU
		Release|Any CPU = Release|Any CPU
	EndGlobalSection
	GlobalSection(ProjectConfigurationPlatforms) = postSolution
		{6800A8AD-AB43-489E-B331-D049EAFB4AB6}.Debug|Any CPU.ActiveCfg = Debug|Any CPU
		{6800A8AD-AB43-489E-B331-D049EAFB4AB6}.Debug|Any CPU.Build.0 = Debug|Any CPU
		{6800A8AD-AB43-489E-B331-D049EAFB4AB6}.Release|Any CPU.ActiveCfg = Release|Any CPU
		{6800A8AD-AB43-489E-B331-D049EAFB4AB6}.Release|Any CPU.Build.0 = Release|Any CPU
		{5EE3C614-4E5D-4B2A-87F4-FF86AC673200}.Debug|Any CPU.ActiveCfg = Debug|Any CPU
		{5EE3C614-4E5D-4B2A-87F4-FF86AC673200}.Debug|Any CPU.Build.0 = Debug|Any CPU
		{5EE3C614-4E5D-4B2A-87F4-FF86AC673200}.Release|Any CPU.ActiveCfg = Release|Any CPU
		{5EE3C614-4E5D-4B2A-87F4-FF86AC673200}.Release|Any CPU.Build.0 = Release|Any CPU
	EndGlobalSection
EndGlobal
